
Microsoft Visual Studio Solution File, Format Version 12.00
# Visual Studio Version 17
VisualStudioVersion = 17.5.002.0
MinimumVisualStudioVersion = 10.0.40219.1
Project("{FAE04EC0-301F-11D3-BF4B-00C04F79EFBC}") = "Backend", "Backend\Backend.csproj", "{8C0B5446-CCE0-42CD-9A8F-DE2094D45A60}"
EndProject
Project("{FAE04EC0-301F-11D3-BF4B-00C04F79EFBC}") = "Frontend", "Frontend\Frontend.csproj", "{B39DCEEB-19ED-4B77-9E5D-56B93A0D7986}"
EndProject
Project("{FAE04EC0-301F-11D3-BF4B-00C04F79EFBC}") = "Shared", "Shared\Shared.csproj", "{D68650D5-14ED-4B6C-AADE-4265FC1C0542}"
EndProject
Global
	GlobalSection(SolutionConfigurationPlatforms) = preSolution
		Debug|Any CPU = Debug|Any CPU
		Release|Any CPU = Release|Any CPU
	EndGlobalSection
	GlobalSection(ProjectConfigurationPlatforms) = postSolution
		{43E8898A-E8D0-4910-902C-AC3D22D82A90}.Debug|Any CPU.ActiveCfg = Debug|Any CPU
		{43E8898A-E8D0-4910-902C-AC3D22D82A90}.Debug|Any CPU.Build.0 = Debug|Any CPU
		{43E8898A-E8D0-4910-902C-AC3D22D82A90}.Release|Any CPU.ActiveCfg = Release|Any CPU
		{43E8898A-E8D0-4910-902C-AC3D22D82A90}.Release|Any CPU.Build.0 = Release|Any CPU
		{8C0B5446-CCE0-42CD-9A8F-DE2094D45A60}.Debug|Any CPU.ActiveCfg = Debug|Any CPU
		{8C0B5446-CCE0-42CD-9A8F-DE2094D45A60}.Debug|Any CPU.Build.0 = Debug|Any CPU
		{8C0B5446-CCE0-42CD-9A8F-DE2094D45A60}.Release|Any CPU.ActiveCfg = Release|Any CPU
		{8C0B5446-CCE0-42CD-9A8F-DE2094D45A60}.Release|Any CPU.Build.0 = Release|Any CPU
		{B39DCEEB-19ED-4B77-9E5D-56B93A0D7986}.Debug|Any CPU.ActiveCfg = Debug|Any CPU
		{B39DCEEB-19ED-4B77-9E5D-56B93A0D7986}.Debug|Any CPU.Build.0 = Debug|Any CPU
		{B39DCEEB-19ED-4B77-9E5D-56B93A0D7986}.Release|Any CPU.ActiveCfg = Release|Any CPU
		{B39DCEEB-19ED-4B77-9E5D-56B93A0D7986}.Release|Any CPU.Build.0 = Release|Any CPU
		{D68650D5-14ED-4B6C-AADE-4265FC1C0542}.Debug|Any CPU.ActiveCfg = Debug|Any CPU
		{D68650D5-14ED-4B6C-AADE-4265FC1C0542}.Debug|Any CPU.Build.0 = Debug|Any CPU
		{D68650D5-14ED-4B6C-AADE-4265FC1C0542}.Release|Any CPU.ActiveCfg = Release|Any CPU
		{D68650D5-14ED-4B6C-AADE-4265FC1C0542}.Release|Any CPU.Build.0 = Release|Any CPU
	EndGlobalSection
	GlobalSection(SolutionProperties) = preSolution
		HideSolutionNode = FALSE
	EndGlobalSection
	GlobalSection(ExtensibilityGlobals) = postSolution
		SolutionGuid = {E9D34FFB-1485-4925-AC76-4396A5A50EE6}
	EndGlobalSection
EndGlobal
